
Microsoft Visual Studio Solution File, Format Version 12.00
# Visual Studio Version 17
VisualStudioVersion = 17.9.34723.18
MinimumVisualStudioVersion = 10.0.40219.1
Project("{54A90642-561A-4BB1-A94E-469ADEE60C69}") = "reactproject1", "reactproject1\reactproject1.esproj", "{C8B6641C-6EFD-4B21-802C-5FF1256355F9}"
EndProject
Global
	GlobalSection(SolutionConfigurationPlatforms) = preSolution
		Debug|Any CPU = Debug|Any CPU
		Release|Any CPU = Release|Any CPU
	EndGlobalSection
	GlobalSection(ProjectConfigurationPlatforms) = postSolution
		{C8B6641C-6EFD-4B21-802C-5FF1256355F9}.Debug|Any CPU.ActiveCfg = Debug|Any CPU
		{C8B6641C-6EFD-4B21-802C-5FF1256355F9}.Debug|Any CPU.Build.0 = Debug|Any CPU
		{C8B6641C-6EFD-4B21-802C-5FF1256355F9}.Debug|Any CPU.Deploy.0 = Debug|Any CPU
		{C8B6641C-6EFD-4B21-802C-5FF1256355F9}.Release|Any CPU.ActiveCfg = Release|Any CPU
		{C8B6641C-6EFD-4B21-802C-5FF1256355F9}.Release|Any CPU.Build.0 = Release|Any CPU
		{C8B6641C-6EFD-4B21-802C-5FF1256355F9}.Release|Any CPU.Deploy.0 = Release|Any CPU
	EndGlobalSection
	GlobalSection(SolutionProperties) = preSolution
		HideSolutionNode = FALSE
	EndGlobalSection
	GlobalSection(ExtensibilityGlobals) = postSolution
		SolutionGuid = {1B8E6EB3-7F67-4636-BBFB-5E88DBB9DE4A}
	EndGlobalSection
EndGlobal
